<?xml version="1.0" encoding="utf-8"?>
<Project ToolsVersion="4.0" xmlns="http://schemas.microsoft.com/developer/msbuild/2003">
  <ItemGroup>
    <Filter Include="源文件">
      <UniqueIdentifier>{4FC737F1-C7A5-4376-A066-2A32D752A2FF}</UniqueIdentifier>
      <Extensions>cpp;c;cc;cxx;def;odl;idl;hpj;bat;asm;asmx</Extensions>
    </Filter>
    <Filter Include="头文件">
      <UniqueIdentifier>{93995380-89BD-4b04-88EB-625FBE52EBFB}</UniqueIdentifier>
      <Extensions>h;hh;hpp;hxx;hm;inl;inc;ipp;xsd</Extensions>
    </Filter>
    <Filter Include="资源文件">
      <UniqueIdentifier>{67DA6AB6-F800-4c08-8B7A-83BB121AAD01}</UniqueIdentifier>
      <Extensions>rc;ico;cur;bmp;dlg;rc2;rct;bin;rgs;gif;jpg;jpeg;jpe;resx;tiff;tif;png;wav;mfcribbon-ms</Extensions>
    </Filter>
    <Filter Include="源文件\exercises">
      <UniqueIdentifier>{bc422123-0f16-4d41-aca4-cc2ea37b3422}</UniqueIdentifier>
    </Filter>
  </ItemGroup>
  <ItemGroup>
    <ClCompile Include="..\2\platinum.c">
      <Filter>源文件</Filter>
    </ClCompile>
    <ClCompile Include="..\2\print1.c">
      <Filter>源文件</Filter>
    </ClCompile>
    <ClCompile Include="..\2\bases.c">
      <Filter>源文件</Filter>
    </ClCompile>
    <ClCompile Include="toobig.c">
      <Filter>源文件</Filter>
    </ClCompile>
    <ClCompile Include="print2.c">
      <Filter>源文件</Filter>
    </ClCompile>
    <ClCompile Include="charcode.c">
      <Filter>源文件</Filter>
    </ClCompile>
    <ClCompile Include="altnames.c">
      <Filter>源文件</Filter>
    </ClCompile>
    <ClCompile Include="showf_pt.c">
      <Filter>源文件</Filter>
    </ClCompile>
    <ClCompile Include="floaterr.c">
      <Filter>源文件</Filter>
    </ClCompile>
    <ClCompile Include="typesize.c">
      <Filter>源文件</Filter>
    </ClCompile>
    <ClCompile Include="badcount.c">
      <Filter>源文件</Filter>
    </ClCompile>
    <ClCompile Include="escape.c">
      <Filter>源文件</Filter>
    </ClCompile>
    <ClCompile Include="_1.c">
      <Filter>源文件\exercises</Filter>
    </ClCompile>
    <ClCompile Include="_2.c">
      <Filter>源文件\exercises</Filter>
    </ClCompile>
    <ClCompile Include="_3.c">
      <Filter>源文件\exercises</Filter>
    </ClCompile>
    <ClCompile Include="_4.c">
      <Filter>源文件\exercises</Filter>
    </ClCompile>
    <ClCompile Include="_5.c">
      <Filter>源文件\exercises</Filter>
    </ClCompile>
    <ClCompile Include="_6.c">
      <Filter>源文件\exercises</Filter>
    </ClCompile>
    <ClCompile Include="_7.c">
      <Filter>源文件\exercises</Filter>
    </ClCompile>
    <ClCompile Include="_8.c">
      <Filter>源文件\exercises</Filter>
    </ClCompile>
  </ItemGroup>
</Project>